<Solution>
  <Configurations>
    <BuildType Name="Debug" />
    <BuildType Name="Package" />
    <BuildType Name="Release" />
  </Configurations>
  <Project Path="../Client/Solo-Overhaul-for-SPT.csproj" />
  <Project Path="../Server/SoloOverhaul.csproj">
    <BuildType Solution="Package|*" Project="Debug" />
  </Project>
</Solution>
